
Microsoft Visual Studio Solution File, Format Version 12.00
# Visual Studio Version 16
VisualStudioVersion = 16.0.29326.143
MinimumVisualStudioVersion = 10.0.40219.1
Project("{FAE04EC0-301F-11D3-BF4B-00C04F79EFBC}") = "CreationalPatterns.Singleton", "CreationalPatterns.Singleton\CreationalPatterns.Singleton.csproj", "{B18B6860-290B-46EB-9C64-547A6D31B05C}"
EndProject
Project("{FAE04EC0-301F-11D3-BF4B-00C04F79EFBC}") = "BehavioralPatterns.Command", "BehavioralPatterns.Command\BehavioralPatterns.Command.csproj", "{3CD799E2-6A8B-4F4D-9BA7-EADCB2B37A7F}"
EndProject
Global
	GlobalSection(SolutionConfigurationPlatforms) = preSolution
		Debug|Any CPU = Debug|Any CPU
		Release|Any CPU = Release|Any CPU
	EndGlobalSection
	GlobalSection(ProjectConfigurationPlatforms) = postSolution
		{B18B6860-290B-46EB-9C64-547A6D31B05C}.Debug|Any CPU.ActiveCfg = Debug|Any CPU
		{B18B6860-290B-46EB-9C64-547A6D31B05C}.Debug|Any CPU.Build.0 = Debug|Any CPU
		{B18B6860-290B-46EB-9C64-547A6D31B05C}.Release|Any CPU.ActiveCfg = Release|Any CPU
		{B18B6860-290B-46EB-9C64-547A6D31B05C}.Release|Any CPU.Build.0 = Release|Any CPU
		{3CD799E2-6A8B-4F4D-9BA7-EADCB2B37A7F}.Debug|Any CPU.ActiveCfg = Debug|Any CPU
		{3CD799E2-6A8B-4F4D-9BA7-EADCB2B37A7F}.Debug|Any CPU.Build.0 = Debug|Any CPU
		{3CD799E2-6A8B-4F4D-9BA7-EADCB2B37A7F}.Release|Any CPU.ActiveCfg = Release|Any CPU
		{3CD799E2-6A8B-4F4D-9BA7-EADCB2B37A7F}.Release|Any CPU.Build.0 = Release|Any CPU
	EndGlobalSection
	GlobalSection(SolutionProperties) = preSolution
		HideSolutionNode = FALSE
	EndGlobalSection
	GlobalSection(ExtensibilityGlobals) = postSolution
		SolutionGuid = {F4482FD2-68FD-4F46-91EE-B20F52B322B7}
	EndGlobalSection
EndGlobal
